
Microsoft Visual Studio Solution File, Format Version 12.00
# Visual Studio Version 17
VisualStudioVersion = 17.3.32929.385
MinimumVisualStudioVersion = 10.0.40219.1
Project("{9A19103F-16F7-4668-BE54-9A1E7A4F7556}") = "FactoryMethod", "FactoryMethod\FactoryMethod.csproj", "{D5CF316B-6411-439A-B9BF-94D782AA6E12}"
EndProject
Project("{2150E333-8FDC-42A3-9474-1A3956D46DE8}") = "Creational", "Creational", "{0F9C0C9A-ECB4-4CB5-9710-53891A42C541}"
EndProject
Project("{9A19103F-16F7-4668-BE54-9A1E7A4F7556}") = "AbstractFactory", "AbstractFactory\AbstractFactory.csproj", "{528E5F16-06DA-4B9F-A64C-A1602BCD99F4}"
EndProject
Project("{FAE04EC0-301F-11D3-BF4B-00C04F79EFBC}") = "Builder", "Builder\Builder.csproj", "{E058A43A-98D5-4F10-82A8-468540112F70}"
EndProject
Project("{FAE04EC0-301F-11D3-BF4B-00C04F79EFBC}") = "Prototype", "Prototype\Prototype.csproj", "{B69733C4-7203-4483-8795-A2CB07CDE4A0}"
EndProject
Project("{FAE04EC0-301F-11D3-BF4B-00C04F79EFBC}") = "Singleton", "Singleton\Singleton.csproj", "{5DF2C704-AC2C-44C5-B5B0-CE66F0A5EF4A}"
EndProject
Global
	GlobalSection(SolutionConfigurationPlatforms) = preSolution
		Debug|Any CPU = Debug|Any CPU
		Release|Any CPU = Release|Any CPU
	EndGlobalSection
	GlobalSection(ProjectConfigurationPlatforms) = postSolution
		{D5CF316B-6411-439A-B9BF-94D782AA6E12}.Debug|Any CPU.ActiveCfg = Debug|Any CPU
		{D5CF316B-6411-439A-B9BF-94D782AA6E12}.Debug|Any CPU.Build.0 = Debug|Any CPU
		{D5CF316B-6411-439A-B9BF-94D782AA6E12}.Release|Any CPU.ActiveCfg = Release|Any CPU
		{D5CF316B-6411-439A-B9BF-94D782AA6E12}.Release|Any CPU.Build.0 = Release|Any CPU
		{528E5F16-06DA-4B9F-A64C-A1602BCD99F4}.Debug|Any CPU.ActiveCfg = Debug|Any CPU
		{528E5F16-06DA-4B9F-A64C-A1602BCD99F4}.Debug|Any CPU.Build.0 = Debug|Any CPU
		{528E5F16-06DA-4B9F-A64C-A1602BCD99F4}.Release|Any CPU.ActiveCfg = Release|Any CPU
		{528E5F16-06DA-4B9F-A64C-A1602BCD99F4}.Release|Any CPU.Build.0 = Release|Any CPU
		{E058A43A-98D5-4F10-82A8-468540112F70}.Debug|Any CPU.ActiveCfg = Debug|Any CPU
		{E058A43A-98D5-4F10-82A8-468540112F70}.Debug|Any CPU.Build.0 = Debug|Any CPU
		{E058A43A-98D5-4F10-82A8-468540112F70}.Release|Any CPU.ActiveCfg = Release|Any CPU
		{E058A43A-98D5-4F10-82A8-468540112F70}.Release|Any CPU.Build.0 = Release|Any CPU
		{B69733C4-7203-4483-8795-A2CB07CDE4A0}.Debug|Any CPU.ActiveCfg = Debug|Any CPU
		{B69733C4-7203-4483-8795-A2CB07CDE4A0}.Debug|Any CPU.Build.0 = Debug|Any CPU
		{B69733C4-7203-4483-8795-A2CB07CDE4A0}.Release|Any CPU.ActiveCfg = Release|Any CPU
		{B69733C4-7203-4483-8795-A2CB07CDE4A0}.Release|Any CPU.Build.0 = Release|Any CPU
		{5DF2C704-AC2C-44C5-B5B0-CE66F0A5EF4A}.Debug|Any CPU.ActiveCfg = Debug|Any CPU
		{5DF2C704-AC2C-44C5-B5B0-CE66F0A5EF4A}.Debug|Any CPU.Build.0 = Debug|Any CPU
		{5DF2C704-AC2C-44C5-B5B0-CE66F0A5EF4A}.Release|Any CPU.ActiveCfg = Release|Any CPU
		{5DF2C704-AC2C-44C5-B5B0-CE66F0A5EF4A}.Release|Any CPU.Build.0 = Release|Any CPU
	EndGlobalSection
	GlobalSection(SolutionProperties) = preSolution
		HideSolutionNode = FALSE
	EndGlobalSection
	GlobalSection(NestedProjects) = preSolution
		{D5CF316B-6411-439A-B9BF-94D782AA6E12} = {0F9C0C9A-ECB4-4CB5-9710-53891A42C541}
		{528E5F16-06DA-4B9F-A64C-A1602BCD99F4} = {0F9C0C9A-ECB4-4CB5-9710-53891A42C541}
		{E058A43A-98D5-4F10-82A8-468540112F70} = {0F9C0C9A-ECB4-4CB5-9710-53891A42C541}
		{B69733C4-7203-4483-8795-A2CB07CDE4A0} = {0F9C0C9A-ECB4-4CB5-9710-53891A42C541}
		{5DF2C704-AC2C-44C5-B5B0-CE66F0A5EF4A} = {0F9C0C9A-ECB4-4CB5-9710-53891A42C541}
	EndGlobalSection
	GlobalSection(ExtensibilityGlobals) = postSolution
		SolutionGuid = {CD9211C0-6CE9-4076-8C88-F277411A9144}
	EndGlobalSection
EndGlobal
